# THIS IS AN AUTOGENERATED FILE. DO NOT EDIT THIS FILE DIRECTLY.
# yarn lockfile v1


"@fortawesome/fontawesome-pro@^6.0.0":
  version "6.0.0"
  resolved "https://npm.fontawesome.com/@fortawesome/fontawesome-pro/-/6.0.0/fontawesome-pro-6.0.0.tgz#04fde7aa6548e0b458978d0419ac54119360df51"
  integrity sha512-SXtj013o/Q+rkI60tKhx8XqBm4mQhVSd1LIZmaU8N8wG0xMys5rGuOy/lHUiSBBdysPDM5j5AvgwXxW8LywSmQ==

bootstrap@^4.4.1:
  version "4.6.0"
  resolved "https://registry.yarnpkg.com/bootstrap/-/bootstrap-4.6.0.tgz#97b9f29ac98f98dfa43bf7468262d84392552fd7"
  integrity sha512-Io55IuQY3kydzHtbGvQya3H+KorS/M9rSNyfCGCg9WZ4pyT/lCxIlpJgG1GXW/PswzC84Tr2fBYi+7+jFVQQBw==

jquery@^3.4.1:
  version "3.6.0"
  resolved "https://registry.yarnpkg.com/jquery/-/jquery-3.6.0.tgz#c72a09f15c1bdce142f49dbf1170bdf8adac2470"
  integrity sha512-JVzAR/AjBvVt2BmYhxRCSYysDsPcssdmTFnzyLEts9qNwmjmu4JTAMYubEfwVOSwpQ1I1sKKFcxhZCI2buerfw==
